// !$*UTF8*$!
{
	archiveVersion = 1;
	classes = {
	};
	objectVersion = 46;
	objects = {

/* Begin PBXBuildFile section */
		520FE04D16B00AE800CDD0B2 /* handwriting53-bold.ttf in Resources */ = {isa = PBXBuildFile; fileRef = 520FE04B16B00AE800CDD0B2 /* handwriting53-bold.ttf */; };
		521BC2D316255A5A000C2EE0 /* AJScrollView.m in Sources */ = {isa = PBXBuildFile; fileRef = 521BC2D216255A5A000C2EE0 /* AJScrollView.m */; };
		521E13391600B76300022B1E /* AJScore+Additions.m in Sources */ = {isa = PBXBuildFile; fileRef = 521E13381600B76300022B1E /* AJScore+Additions.m */; };
		521E133C1600C2AF00022B1E /* AJScoresTableViewController.m in Sources */ = {isa = PBXBuildFile; fileRef = 521E133B1600C2AF00022B1E /* AJScoresTableViewController.m */; };
		523876AA16C52F2F008C9F8D /* MessageUI.framework in Frameworks */ = {isa = PBXBuildFile; fileRef = 523876A916C52F2F008C9F8D /* MessageUI.framework */; };
		52473BB6162BEDA1008455F3 /* round.png in Resources */ = {isa = PBXBuildFile; fileRef = 52473BB4162BEDA1008455F3 /* round.png */; };
		52473BB7162BEDA1008455F3 /* round@2x.png in Resources */ = {isa = PBXBuildFile; fileRef = 52473BB5162BEDA1008455F3 /* round@2x.png */; };
		5247B3AF1680B82100CF05F5 /* Default.png in Resources */ = {isa = PBXBuildFile; fileRef = 5247B3AE1680B82100CF05F5 /* Default.png */; };
		5247B3B11680B82800CF05F5 /* Default@2x.png in Resources */ = {isa = PBXBuildFile; fileRef = 5247B3B01680B82800CF05F5 /* Default@2x.png */; };
		5247B3B31680B83200CF05F5 /* Default-568h@2x.png in Resources */ = {isa = PBXBuildFile; fileRef = 5247B3B21680B83200CF05F5 /* Default-568h@2x.png */; };
		5247B3B51680BC4100CF05F5 /* icon.png in Resources */ = {isa = PBXBuildFile; fileRef = 5247B3B41680BC4100CF05F5 /* icon.png */; };
		5247B3B71680BC4600CF05F5 /* icon@2x.png in Resources */ = {isa = PBXBuildFile; fileRef = 5247B3B61680BC4600CF05F5 /* icon@2x.png */; };
		5247B3B91680BC4E00CF05F5 /* icon_iPad.png in Resources */ = {isa = PBXBuildFile; fileRef = 5247B3B81680BC4E00CF05F5 /* icon_iPad.png */; };
		5247B3BB1680BC5300CF05F5 /* icon_iPad@2x.png in Resources */ = {isa = PBXBuildFile; fileRef = 5247B3BA1680BC5300CF05F5 /* icon_iPad@2x.png */; };
		5247B3BD1680BEAC00CF05F5 /* Default-Portrait@2x~ipad.png in Resources */ = {isa = PBXBuildFile; fileRef = 5247B3BC1680BEAC00CF05F5 /* Default-Portrait@2x~ipad.png */; };
		5247B3BF1680BEB700CF05F5 /* Default-Landscape@2x~ipad.png in Resources */ = {isa = PBXBuildFile; fileRef = 5247B3BE1680BEB700CF05F5 /* Default-Landscape@2x~ipad.png */; };
		5247B3C11680BEFD00CF05F5 /* Default-Portrait~ipad.png in Resources */ = {isa = PBXBuildFile; fileRef = 5247B3C01680BEFD00CF05F5 /* Default-Portrait~ipad.png */; };
		5247B3C31680BF0700CF05F5 /* Default-Landscape~ipad.png in Resources */ = {isa = PBXBuildFile; fileRef = 5247B3C21680BF0700CF05F5 /* Default-Landscape~ipad.png */; };
		5253287615FF115D00A28B84 /* ScorePad.xcdatamodeld in Sources */ = {isa = PBXBuildFile; fileRef = 5253287415FF115D00A28B84 /* ScorePad.xcdatamodeld */; };
		5253287D15FF128600A28B84 /* AJScoresManager.m in Sources */ = {isa = PBXBuildFile; fileRef = 5253287C15FF128600A28B84 /* AJScoresManager.m */; };
		5253287F15FF15D000A28B84 /* CoreData.framework in Frameworks */ = {isa = PBXBuildFile; fileRef = 5253287E15FF15D000A28B84 /* CoreData.framework */; };
		525328A415FF213400A28B84 /* AJGame+Additions.m in Sources */ = {isa = PBXBuildFile; fileRef = 525328A315FF213400A28B84 /* AJGame+Additions.m */; };
		525328C315FF589700A28B84 /* NSString+Additions.m in Sources */ = {isa = PBXBuildFile; fileRef = 525328C015FF589700A28B84 /* NSString+Additions.m */; };
		525328C415FF589700A28B84 /* UIColor+Additions.m in Sources */ = {isa = PBXBuildFile; fileRef = 525328C215FF589700A28B84 /* UIColor+Additions.m */; };
		525CC22D15FE2A1F00E8F903 /* UIKit.framework in Frameworks */ = {isa = PBXBuildFile; fileRef = 525CC22C15FE2A1F00E8F903 /* UIKit.framework */; };
		525CC22F15FE2A1F00E8F903 /* Foundation.framework in Frameworks */ = {isa = PBXBuildFile; fileRef = 525CC22E15FE2A1F00E8F903 /* Foundation.framework */; };
		525CC23115FE2A1F00E8F903 /* CoreGraphics.framework in Frameworks */ = {isa = PBXBuildFile; fileRef = 525CC23015FE2A1F00E8F903 /* CoreGraphics.framework */; };
		525CC23715FE2A1F00E8F903 /* InfoPlist.strings in Resources */ = {isa = PBXBuildFile; fileRef = 525CC23515FE2A1F00E8F903 /* InfoPlist.strings */; };
		525CC23915FE2A1F00E8F903 /* main.m in Sources */ = {isa = PBXBuildFile; fileRef = 525CC23815FE2A1F00E8F903 /* main.m */; };
		525CC23D15FE2A1F00E8F903 /* AJAppDelegate.m in Sources */ = {isa = PBXBuildFile; fileRef = 525CC23C15FE2A1F00E8F903 /* AJAppDelegate.m */; };
		525CC24515FE2C8200E8F903 /* AJGamesTableViewController.m in Sources */ = {isa = PBXBuildFile; fileRef = 525CC24415FE2C8200E8F903 /* AJGamesTableViewController.m */; };
		525E008F1678DD8D00D0D944 /* AJAlertView.m in Sources */ = {isa = PBXBuildFile; fileRef = 525E008E1678DD8D00D0D944 /* AJAlertView.m */; };
		52634D7A16281C8600B46693 /* mask.png in Resources */ = {isa = PBXBuildFile; fileRef = 52634D7816281C8600B46693 /* mask.png */; };
		52634D7B16281C8600B46693 /* mask@2x.png in Resources */ = {isa = PBXBuildFile; fileRef = 52634D7916281C8600B46693 /* mask@2x.png */; };
		52634D7E1628292200B46693 /* AJNewItemTableViewCell.m in Sources */ = {isa = PBXBuildFile; fileRef = 52634D7D1628292200B46693 /* AJNewItemTableViewCell.m */; };
		52634D81162831D300B46693 /* AJPlayerTableViewCell.m in Sources */ = {isa = PBXBuildFile; fileRef = 52634D80162831D300B46693 /* AJPlayerTableViewCell.m */; };
		527363AA16B969BF00751883 /* AJGame.m in Sources */ = {isa = PBXBuildFile; fileRef = 527363A916B969BF00751883 /* AJGame.m */; };
		527363AC16B970DD00751883 /* table_background-568h@2x.png in Resources */ = {isa = PBXBuildFile; fileRef = 527363AB16B970DD00751883 /* table_background-568h@2x.png */; };
		527363AE16B9719100751883 /* landscape_background-568h@2x.png in Resources */ = {isa = PBXBuildFile; fileRef = 527363AD16B9719000751883 /* landscape_background-568h@2x.png */; };
		5275B83715FF7D66006E19FE /* AJPlayer+Additions.m in Sources */ = {isa = PBXBuildFile; fileRef = 5275B83615FF7D66006E19FE /* AJPlayer+Additions.m */; };
		5275B83A15FF83FD006E19FE /* AJPlayersTableViewController.m in Sources */ = {isa = PBXBuildFile; fileRef = 5275B83915FF83FD006E19FE /* AJPlayersTableViewController.m */; };
		5284384C162441CE00B471B5 /* AJViewController.m in Sources */ = {isa = PBXBuildFile; fileRef = 5284384B162441CE00B471B5 /* AJViewController.m */; };
		528980E7168068DD00FC2F09 /* Crashlytics.framework in Frameworks */ = {isa = PBXBuildFile; fileRef = 528980E6168068DD00FC2F09 /* Crashlytics.framework */; };
		5292641016FC7D4E006F5534 /* FacebookSDK.framework in Frameworks */ = {isa = PBXBuildFile; fileRef = 5292640F16FC7D4E006F5534 /* FacebookSDK.framework */; };
		5292641216FC7D92006F5534 /* FacebookSDKResources.bundle in Resources */ = {isa = PBXBuildFile; fileRef = 5292641116FC7D92006F5534 /* FacebookSDKResources.bundle */; };
		5292641616FC7DC9006F5534 /* Accounts.framework in Frameworks */ = {isa = PBXBuildFile; fileRef = 5292641316FC7DC9006F5534 /* Accounts.framework */; };
		5292641716FC7DC9006F5534 /* AdSupport.framework in Frameworks */ = {isa = PBXBuildFile; fileRef = 5292641416FC7DC9006F5534 /* AdSupport.framework */; };
		5292641816FC7DC9006F5534 /* Social.framework in Frameworks */ = {isa = PBXBuildFile; fileRef = 5292641516FC7DC9006F5534 /* Social.framework */; };
		529E0E601601D0E300711F5B /* UIImage+Additions.m in Sources */ = {isa = PBXBuildFile; fileRef = 529E0E5F1601D0E300711F5B /* UIImage+Additions.m */; };
		529E0E691601F6DB00711F5B /* AJSettingsViewController.m in Sources */ = {isa = PBXBuildFile; fileRef = 529E0E681601F6DB00711F5B /* AJSettingsViewController.m */; };
		52A10859161F0C86006FCACD /* back-button.png in Resources */ = {isa = PBXBuildFile; fileRef = 52A10851161F0C86006FCACD /* back-button.png */; };
		52A1085A161F0C86006FCACD /* back-button@2x.png in Resources */ = {isa = PBXBuildFile; fileRef = 52A10852161F0C86006FCACD /* back-button@2x.png */; };
		52A1085B161F0C86006FCACD /* bar-button.png in Resources */ = {isa = PBXBuildFile; fileRef = 52A10853161F0C86006FCACD /* bar-button.png */; };
		52A1085C161F0C86006FCACD /* bar-button@2x.png in Resources */ = {isa = PBXBuildFile; fileRef = 52A10854161F0C86006FCACD /* bar-button@2x.png */; };
		52A1085D161F0C86006FCACD /* cards_icon.png in Resources */ = {isa = PBXBuildFile; fileRef = 52A10855161F0C86006FCACD /* cards_icon.png */; };
		52A1085E161F0C86006FCACD /* main_tile_default_pic.png in Resources */ = {isa = PBXBuildFile; fileRef = 52A10856161F0C86006FCACD /* main_tile_default_pic.png */; };
		52A1085F161F0C86006FCACD /* nav-bar.png in Resources */ = {isa = PBXBuildFile; fileRef = 52A10857161F0C86006FCACD /* nav-bar.png */; };
		52A10860161F0C86006FCACD /* nav-bar@2x.png in Resources */ = {isa = PBXBuildFile; fileRef = 52A10858161F0C86006FCACD /* nav-bar@2x.png */; };
		52A10863161F25B4006FCACD /* UIBarButtonItem+Additions.m in Sources */ = {isa = PBXBuildFile; fileRef = 52A10862161F232F006FCACD /* UIBarButtonItem+Additions.m */; };
		52A10866161F2976006FCACD /* table_background.png in Resources */ = {isa = PBXBuildFile; fileRef = 52A10864161F2975006FCACD /* table_background.png */; };
		52A10867161F2976006FCACD /* table_background@2x.png in Resources */ = {isa = PBXBuildFile; fileRef = 52A10865161F2975006FCACD /* table_background@2x.png */; };
		52A59A251614249500AB4341 /* AJSettingsInfo.m in Sources */ = {isa = PBXBuildFile; fileRef = 52A59A241614249500AB4341 /* AJSettingsInfo.m */; };
		52A663E51624489000554254 /* AJScore.m in Sources */ = {isa = PBXBuildFile; fileRef = 52A663E41624489000554254 /* AJScore.m */; };
		52A663EB1624533500554254 /* landscape_background.png in Resources */ = {isa = PBXBuildFile; fileRef = 52A663E91624533500554254 /* landscape_background.png */; };
		52A663EC1624533500554254 /* landscape_background@2x.png in Resources */ = {isa = PBXBuildFile; fileRef = 52A663EA1624533500554254 /* landscape_background@2x.png */; };
		52A663F01624561300554254 /* AJVerticalPlayerView.m in Sources */ = {isa = PBXBuildFile; fileRef = 52A663EF1624561300554254 /* AJVerticalPlayerView.m */; };
		52AF6B691622FAE40034F06A /* background.png in Resources */ = {isa = PBXBuildFile; fileRef = 52AF6B671622FAE40034F06A /* background.png */; };
		52AF6B6A1622FAE40034F06A /* background@2x.png in Resources */ = {isa = PBXBuildFile; fileRef = 52AF6B681622FAE40034F06A /* background@2x.png */; };
		52B38F2016AEA37C00D6BD2F /* grabImage.png in Resources */ = {isa = PBXBuildFile; fileRef = 52B38F1E16AEA37C00D6BD2F /* grabImage.png */; };
		52B38F2116AEA37C00D6BD2F /* grabImage@2x.png in Resources */ = {isa = PBXBuildFile; fileRef = 52B38F1F16AEA37C00D6BD2F /* grabImage@2x.png */; };
		52D6C29C16B175B1005A7069 /* AJBrownUnderlinedView.m in Sources */ = {isa = PBXBuildFile; fileRef = 52D6C29B16B175B1005A7069 /* AJBrownUnderlinedView.m */; };
		52D6F40616BBA57A007B8A6D /* AJExportHandler.m in Sources */ = {isa = PBXBuildFile; fileRef = 52D6F40516BBA57A007B8A6D /* AJExportHandler.m */; };
		52D6F40816BBA7BD007B8A6D /* QuartzCore.framework in Frameworks */ = {isa = PBXBuildFile; fileRef = 52D6F40716BBA7BC007B8A6D /* QuartzCore.framework */; };
		52D6F40B16BBC4D5007B8A6D /* AJExportScoresViewController.m in Sources */ = {isa = PBXBuildFile; fileRef = 52D6F40A16BBC4D5007B8A6D /* AJExportScoresViewController.m */; };
		52D6F40E16BBC6D8007B8A6D /* AJDefines.m in Sources */ = {isa = PBXBuildFile; fileRef = 52D6F40D16BBC6D8007B8A6D /* AJDefines.m */; };
		52E2465816B125A1006E61AC /* UIFont+Additions.m in Sources */ = {isa = PBXBuildFile; fileRef = 52E2465716B125A1006E61AC /* UIFont+Additions.m */; };
		52E2466C16B12D52006E61AC /* handwriting53-regular.ttf in Resources */ = {isa = PBXBuildFile; fileRef = 52E2466B16B12D52006E61AC /* handwriting53-regular.ttf */; };
		52E2468D16B158C6006E61AC /* rip.png in Resources */ = {isa = PBXBuildFile; fileRef = 52E2468B16B158C6006E61AC /* rip.png */; };
		52E2468E16B158C6006E61AC /* rip@2x.png in Resources */ = {isa = PBXBuildFile; fileRef = 52E2468C16B158C6006E61AC /* rip@2x.png */; };
		52E2469616B166A3006E61AC /* DK Crayon Crumble.ttf in Resources */ = {isa = PBXBuildFile; fileRef = 52E2469416B166A3006E61AC /* DK Crayon Crumble.ttf */; };
		52E2469716B166A3006E61AC /* ld-brush-stroke.ttf in Resources */ = {isa = PBXBuildFile; fileRef = 52E2469516B166A3006E61AC /* ld-brush-stroke.ttf */; };
		52E5228B163AA49900E99702 /* AJPlayerView.xib in Resources */ = {isa = PBXBuildFile; fileRef = 52E5228A163AA49900E99702 /* AJPlayerView.xib */; };
		52E6695F1626F0880035CAAC /* AJGameTableViewCell.m in Sources */ = {isa = PBXBuildFile; fileRef = 52E6695E1626F0880035CAAC /* AJGameTableViewCell.m */; };
		52E669661626FC7F0035CAAC /* separator.png in Resources */ = {isa = PBXBuildFile; fileRef = 52E669641626FC7F0035CAAC /* separator.png */; };
		52E669671626FC7F0035CAAC /* separator@2x.png in Resources */ = {isa = PBXBuildFile; fileRef = 52E669651626FC7F0035CAAC /* separator@2x.png */; };
		52EF57EB161DB01B004B069B /* AJTableViewController.m in Sources */ = {isa = PBXBuildFile; fileRef = 52EF57EA161DB01B004B069B /* AJTableViewController.m */; };
		52F34ED616831A8D00722DB7 /* pencil_black.png in Resources */ = {isa = PBXBuildFile; fileRef = 52F34EC016831A8D00722DB7 /* pencil_black.png */; };
		52F34ED716831A8D00722DB7 /* pencil_black@2x.png in Resources */ = {isa = PBXBuildFile; fileRef = 52F34EC116831A8D00722DB7 /* pencil_black@2x.png */; };
		52F34ED816831A8D00722DB7 /* pencil_blue.png in Resources */ = {isa = PBXBuildFile; fileRef = 52F34EC216831A8D00722DB7 /* pencil_blue.png */; };
		52F34ED916831A8D00722DB7 /* pencil_blue@2x.png in Resources */ = {isa = PBXBuildFile; fileRef = 52F34EC316831A8D00722DB7 /* pencil_blue@2x.png */; };
		52F34EDA16831A8D00722DB7 /* pencil_brown.png in Resources */ = {isa = PBXBuildFile; fileRef = 52F34EC416831A8D00722DB7 /* pencil_brown.png */; };
		52F34EDB16831A8D00722DB7 /* pencil_brown@2x.png in Resources */ = {isa = PBXBuildFile; fileRef = 52F34EC516831A8D00722DB7 /* pencil_brown@2x.png */; };
		52F34EDC16831A8D00722DB7 /* pencil_green.png in Resources */ = {isa = PBXBuildFile; fileRef = 52F34EC616831A8D00722DB7 /* pencil_green.png */; };
		52F34EDD16831A8D00722DB7 /* pencil_green@2x.png in Resources */ = {isa = PBXBuildFile; fileRef = 52F34EC716831A8D00722DB7 /* pencil_green@2x.png */; };
		52F34EDE16831A8D00722DB7 /* pencil_orange.png in Resources */ = {isa = PBXBuildFile; fileRef = 52F34EC816831A8D00722DB7 /* pencil_orange.png */; };
		52F34EDF16831A8D00722DB7 /* pencil_orange@2x.png in Resources */ = {isa = PBXBuildFile; fileRef = 52F34EC916831A8D00722DB7 /* pencil_orange@2x.png */; };
		52F34EE016831A8D00722DB7 /* pencil_pink.png in Resources */ = {isa = PBXBuildFile; fileRef = 52F34ECA16831A8D00722DB7 /* pencil_pink.png */; };
		52F34EE116831A8D00722DB7 /* pencil_pink@2x.png in Resources */ = {isa = PBXBuildFile; fileRef = 52F34ECB16831A8D00722DB7 /* pencil_pink@2x.png */; };
		52F34EE216831A8D00722DB7 /* pencil_purple.png in Resources */ = {isa = PBXBuildFile; fileRef = 52F34ECC16831A8D00722DB7 /* pencil_purple.png */; };
		52F34EE316831A8D00722DB7 /* pencil_purple@2x.png in Resources */ = {isa = PBXBuildFile; fileRef = 52F34ECD16831A8D00722DB7 /* pencil_purple@2x.png */; };
		52F34EE416831A8D00722DB7 /* pencil_red.png in Resources */ = {isa = PBXBuildFile; fileRef = 52F34ECE16831A8D00722DB7 /* pencil_red.png */; };
		52F34EE516831A8D00722DB7 /* pencil_red@2x.png in Resources */ = {isa = PBXBuildFile; fileRef = 52F34ECF16831A8D00722DB7 /* pencil_red@2x.png */; };
		52F34EE616831A8D00722DB7 /* pencil_white.png in Resources */ = {isa = PBXBuildFile; fileRef = 52F34ED016831A8D00722DB7 /* pencil_white.png */; };
		52F34EE716831A8D00722DB7 /* pencil_white@2x.png in Resources */ = {isa = PBXBuildFile; fileRef = 52F34ED116831A8D00722DB7 /* pencil_white@2x.png */; };
		52F34EE816831A8D00722DB7 /* pencil_yellow.png in Resources */ = {isa = PBXBuildFile; fileRef = 52F34ED216831A8D00722DB7 /* pencil_yellow.png */; };
		52F34EE916831A8D00722DB7 /* pencil_yellow@2x.png in Resources */ = {isa = PBXBuildFile; fileRef = 52F34ED316831A8D00722DB7 /* pencil_yellow@2x.png */; };
		52F34EEA16831A8D00722DB7 /* square.png in Resources */ = {isa = PBXBuildFile; fileRef = 52F34ED416831A8D00722DB7 /* square.png */; };
		52F34EEB16831A8D00722DB7 /* square@2x.png in Resources */ = {isa = PBXBuildFile; fileRef = 52F34ED516831A8D00722DB7 /* square@2x.png */; };
		52FCAFF116BAB377008B3CA3 /* AJPlayer.m in Sources */ = {isa = PBXBuildFile; fileRef = 52FCAFF016BAB377008B3CA3 /* AJPlayer.m */; };
		52FD7A6F165BDA0500BCD571 /* AJUnderlinedView.m in Sources */ = {isa = PBXBuildFile; fileRef = 52FD7A6E165BDA0500BCD571 /* AJUnderlinedView.m */; };
		A90BDCAE16E2138A0040B1DA /* FacebookSDK.framework in Frameworks */ = {isa = PBXBuildFile; fileRef = A90BDCAD16E2138A0040B1DA /* FacebookSDK.framework */; };
		A90BDCB016E214020040B1DA /* FacebookSDKResources.bundle in Resources */ = {isa = PBXBuildFile; fileRef = A90BDCAF16E214020040B1DA /* FacebookSDKResources.bundle */; };
		A90BDCB316E2144E0040B1DA /* Accounts.framework in Frameworks */ = {isa = PBXBuildFile; fileRef = A90BDCB116E2144E0040B1DA /* Accounts.framework */; settings = {ATTRIBUTES = (Weak, ); }; };
		A90BDCB416E2144E0040B1DA /* AdSupport.framework in Frameworks */ = {isa = PBXBuildFile; fileRef = A90BDCB216E2144E0040B1DA /* AdSupport.framework */; settings = {ATTRIBUTES = (Weak, ); }; };
		A92B67FA165C21C100F85CC8 /* AJScoreTableViewCell.m in Sources */ = {isa = PBXBuildFile; fileRef = A92B67F9165C21C100F85CC8 /* AJScoreTableViewCell.m */; };
		A97B35A71657902D0003A8BC /* AJPanDeleteTableViewCell.m in Sources */ = {isa = PBXBuildFile; fileRef = A97B35A61657902D0003A8BC /* AJPanDeleteTableViewCell.m */; };
		A9E14A5E16AC0E7800A2C1C7 /* separator_new2.png in Resources */ = {isa = PBXBuildFile; fileRef = A9E14A5C16AC0E7800A2C1C7 /* separator_new2.png */; };
		A9E14A5F16AC0E7800A2C1C7 /* separator_new2@2x.png in Resources */ = {isa = PBXBuildFile; fileRef = A9E14A5D16AC0E7800A2C1C7 /* separator_new2@2x.png */; };
		A9E14A6216AC119D00A2C1C7 /* disclosure.png in Resources */ = {isa = PBXBuildFile; fileRef = A9E14A6016AC119D00A2C1C7 /* disclosure.png */; };
		A9E14A6316AC119D00A2C1C7 /* disclosure@2x.png in Resources */ = {isa = PBXBuildFile; fileRef = A9E14A6116AC119D00A2C1C7 /* disclosure@2x.png */; };
/* End PBXBuildFile section */

/* Begin PBXFileReference section */
		520FE04B16B00AE800CDD0B2 /* handwriting53-bold.ttf */ = {isa = PBXFileReference; lastKnownFileType = file; path = "handwriting53-bold.ttf"; sourceTree = "<group>"; };
		521BC2D116255A5A000C2EE0 /* AJScrollView.h */ = {isa = PBXFileReference; fileEncoding = 4; lastKnownFileType = sourcecode.c.h; path = AJScrollView.h; sourceTree = "<group>"; };
		521BC2D216255A5A000C2EE0 /* AJScrollView.m */ = {isa = PBXFileReference; fileEncoding = 4; lastKnownFileType = sourcecode.c.objc; path = AJScrollView.m; sourceTree = "<group>"; };
		521E13371600B76300022B1E /* AJScore+Additions.h */ = {isa = PBXFileReference; fileEncoding = 4; lastKnownFileType = sourcecode.c.h; path = "AJScore+Additions.h"; sourceTree = "<group>"; };
		521E13381600B76300022B1E /* AJScore+Additions.m */ = {isa = PBXFileReference; fileEncoding = 4; lastKnownFileType = sourcecode.c.objc; path = "AJScore+Additions.m"; sourceTree = "<group>"; };
		521E133A1600C2AF00022B1E /* AJScoresTableViewController.h */ = {isa = PBXFileReference; fileEncoding = 4; lastKnownFileType = sourcecode.c.h; path = AJScoresTableViewController.h; sourceTree = "<group>"; };
		521E133B1600C2AF00022B1E /* AJScoresTableViewController.m */ = {isa = PBXFileReference; fileEncoding = 4; lastKnownFileType = sourcecode.c.objc; path = AJScoresTableViewController.m; sourceTree = "<group>"; };
		523876A916C52F2F008C9F8D /* MessageUI.framework */ = {isa = PBXFileReference; lastKnownFileType = wrapper.framework; name = MessageUI.framework; path = System/Library/Frameworks/MessageUI.framework; sourceTree = SDKROOT; };
		52473BB4162BEDA1008455F3 /* round.png */ = {isa = PBXFileReference; lastKnownFileType = image.png; path = round.png; sourceTree = "<group>"; };
		52473BB5162BEDA1008455F3 /* round@2x.png */ = {isa = PBXFileReference; lastKnownFileType = image.png; path = "round@2x.png"; sourceTree = "<group>"; };
		5247B3AE1680B82100CF05F5 /* Default.png */ = {isa = PBXFileReference; lastKnownFileType = image.png; name = Default.png; path = ../../Default.png; sourceTree = "<group>"; };
		5247B3B01680B82800CF05F5 /* Default@2x.png */ = {isa = PBXFileReference; lastKnownFileType = image.png; name = "Default@2x.png"; path = "../../Default@2x.png"; sourceTree = "<group>"; };
		5247B3B21680B83200CF05F5 /* Default-568h@2x.png */ = {isa = PBXFileReference; lastKnownFileType = image.png; name = "Default-568h@2x.png"; path = "../../Default-568h@2x.png"; sourceTree = "<group>"; };
		5247B3B41680BC4100CF05F5 /* icon.png */ = {isa = PBXFileReference; lastKnownFileType = image.png; name = icon.png; path = ../../icon.png; sourceTree = "<group>"; };
		5247B3B61680BC4600CF05F5 /* icon@2x.png */ = {isa = PBXFileReference; lastKnownFileType = image.png; name = "icon@2x.png"; path = "../../icon@2x.png"; sourceTree = "<group>"; };
		5247B3B81680BC4E00CF05F5 /* icon_iPad.png */ = {isa = PBXFileReference; lastKnownFileType = image.png; name = icon_iPad.png; path = ../../icon_iPad.png; sourceTree = "<group>"; };
		5247B3BA1680BC5300CF05F5 /* icon_iPad@2x.png */ = {isa = PBXFileReference; lastKnownFileType = image.png; name = "icon_iPad@2x.png"; path = "../../icon_iPad@2x.png"; sourceTree = "<group>"; };
		5247B3BC1680BEAC00CF05F5 /* Default-Portrait@2x~ipad.png */ = {isa = PBXFileReference; lastKnownFileType = image.png; name = "Default-Portrait@2x~ipad.png"; path = "../../Default-Portrait@2x~ipad.png"; sourceTree = "<group>"; };
		5247B3BE1680BEB700CF05F5 /* Default-Landscape@2x~ipad.png */ = {isa = PBXFileReference; lastKnownFileType = image.png; name = "Default-Landscape@2x~ipad.png"; path = "../../Default-Landscape@2x~ipad.png"; sourceTree = "<group>"; };
		5247B3C01680BEFD00CF05F5 /* Default-Portrait~ipad.png */ = {isa = PBXFileReference; lastKnownFileType = image.png; name = "Default-Portrait~ipad.png"; path = "../../Default-Portrait~ipad.png"; sourceTree = "<group>"; };
		5247B3C21680BF0700CF05F5 /* Default-Landscape~ipad.png */ = {isa = PBXFileReference; lastKnownFileType = image.png; name = "Default-Landscape~ipad.png"; path = "../../Default-Landscape~ipad.png"; sourceTree = "<group>"; };
		5253287515FF115D00A28B84 /* ScorePad.xcdatamodel */ = {isa = PBXFileReference; lastKnownFileType = wrapper.xcdatamodel; path = ScorePad.xcdatamodel; sourceTree = "<group>"; };
		5253287B15FF128600A28B84 /* AJScoresManager.h */ = {isa = PBXFileReference; fileEncoding = 4; lastKnownFileType = sourcecode.c.h; path = AJScoresManager.h; sourceTree = "<group>"; };
		5253287C15FF128600A28B84 /* AJScoresManager.m */ = {isa = PBXFileReference; fileEncoding = 4; lastKnownFileType = sourcecode.c.objc; path = AJScoresManager.m; sourceTree = "<group>"; };
		5253287E15FF15D000A28B84 /* CoreData.framework */ = {isa = PBXFileReference; lastKnownFileType = wrapper.framework; name = CoreData.framework; path = System/Library/Frameworks/CoreData.framework; sourceTree = SDKROOT; };
		525328A215FF213400A28B84 /* AJGame+Additions.h */ = {isa = PBXFileReference; fileEncoding = 4; lastKnownFileType = sourcecode.c.h; path = "AJGame+Additions.h"; sourceTree = "<group>"; };
		525328A315FF213400A28B84 /* AJGame+Additions.m */ = {isa = PBXFileReference; fileEncoding = 4; lastKnownFileType = sourcecode.c.objc; path = "AJGame+Additions.m"; sourceTree = "<group>"; };
		525328BF15FF589700A28B84 /* NSString+Additions.h */ = {isa = PBXFileReference; fileEncoding = 4; lastKnownFileType = sourcecode.c.h; path = "NSString+Additions.h"; sourceTree = "<group>"; };
		525328C015FF589700A28B84 /* NSString+Additions.m */ = {isa = PBXFileReference; fileEncoding = 4; lastKnownFileType = sourcecode.c.objc; path = "NSString+Additions.m"; sourceTree = "<group>"; };
		525328C115FF589700A28B84 /* UIColor+Additions.h */ = {isa = PBXFileReference; fileEncoding = 4; lastKnownFileType = sourcecode.c.h; path = "UIColor+Additions.h"; sourceTree = "<group>"; };
		525328C215FF589700A28B84 /* UIColor+Additions.m */ = {isa = PBXFileReference; fileEncoding = 4; lastKnownFileType = sourcecode.c.objc; path = "UIColor+Additions.m"; sourceTree = "<group>"; };
		525CC22815FE2A1F00E8F903 /* ScorePad.app */ = {isa = PBXFileReference; explicitFileType = wrapper.application; includeInIndex = 0; path = ScorePad.app; sourceTree = BUILT_PRODUCTS_DIR; };
		525CC22C15FE2A1F00E8F903 /* UIKit.framework */ = {isa = PBXFileReference; lastKnownFileType = wrapper.framework; name = UIKit.framework; path = System/Library/Frameworks/UIKit.framework; sourceTree = SDKROOT; };
		525CC22E15FE2A1F00E8F903 /* Foundation.framework */ = {isa = PBXFileReference; lastKnownFileType = wrapper.framework; name = Foundation.framework; path = System/Library/Frameworks/Foundation.framework; sourceTree = SDKROOT; };
		525CC23015FE2A1F00E8F903 /* CoreGraphics.framework */ = {isa = PBXFileReference; lastKnownFileType = wrapper.framework; name = CoreGraphics.framework; path = System/Library/Frameworks/CoreGraphics.framework; sourceTree = SDKROOT; };
		525CC23415FE2A1F00E8F903 /* ScorePad-Info.plist */ = {isa = PBXFileReference; lastKnownFileType = text.plist.xml; path = "ScorePad-Info.plist"; sourceTree = "<group>"; };
		525CC23615FE2A1F00E8F903 /* en */ = {isa = PBXFileReference; lastKnownFileType = text.plist.strings; name = en; path = en.lproj/InfoPlist.strings; sourceTree = "<group>"; };
		525CC23815FE2A1F00E8F903 /* main.m */ = {isa = PBXFileReference; lastKnownFileType = sourcecode.c.objc; path = main.m; sourceTree = "<group>"; };
		525CC23A15FE2A1F00E8F903 /* ScorePad-Prefix.pch */ = {isa = PBXFileReference; lastKnownFileType = sourcecode.c.h; path = "ScorePad-Prefix.pch"; sourceTree = "<group>"; };
		525CC23B15FE2A1F00E8F903 /* AJAppDelegate.h */ = {isa = PBXFileReference; lastKnownFileType = sourcecode.c.h; path = AJAppDelegate.h; sourceTree = "<group>"; };
		525CC23C15FE2A1F00E8F903 /* AJAppDelegate.m */ = {isa = PBXFileReference; lastKnownFileType = sourcecode.c.objc; path = AJAppDelegate.m; sourceTree = "<group>"; };
		525CC24315FE2C8200E8F903 /* AJGamesTableViewController.h */ = {isa = PBXFileReference; fileEncoding = 4; lastKnownFileType = sourcecode.c.h; path = AJGamesTableViewController.h; sourceTree = "<group>"; };
		525CC24415FE2C8200E8F903 /* AJGamesTableViewController.m */ = {isa = PBXFileReference; fileEncoding = 4; lastKnownFileType = sourcecode.c.objc; path = AJGamesTableViewController.m; sourceTree = "<group>"; };
		525E008D1678DD8D00D0D944 /* AJAlertView.h */ = {isa = PBXFileReference; fileEncoding = 4; lastKnownFileType = sourcecode.c.h; path = AJAlertView.h; sourceTree = "<group>"; };
		525E008E1678DD8D00D0D944 /* AJAlertView.m */ = {isa = PBXFileReference; fileEncoding = 4; lastKnownFileType = sourcecode.c.objc; path = AJAlertView.m; sourceTree = "<group>"; };
		52634D7816281C8600B46693 /* mask.png */ = {isa = PBXFileReference; lastKnownFileType = image.png; path = mask.png; sourceTree = "<group>"; };
		52634D7916281C8600B46693 /* mask@2x.png */ = {isa = PBXFileReference; lastKnownFileType = image.png; path = "mask@2x.png"; sourceTree = "<group>"; };
		52634D7C1628292200B46693 /* AJNewItemTableViewCell.h */ = {isa = PBXFileReference; fileEncoding = 4; lastKnownFileType = sourcecode.c.h; path = AJNewItemTableViewCell.h; sourceTree = "<group>"; };
		52634D7D1628292200B46693 /* AJNewItemTableViewCell.m */ = {isa = PBXFileReference; fileEncoding = 4; lastKnownFileType = sourcecode.c.objc; path = AJNewItemTableViewCell.m; sourceTree = "<group>"; };
		52634D7F162831D200B46693 /* AJPlayerTableViewCell.h */ = {isa = PBXFileReference; fileEncoding = 4; lastKnownFileType = sourcecode.c.h; path = AJPlayerTableViewCell.h; sourceTree = "<group>"; };
		52634D80162831D300B46693 /* AJPlayerTableViewCell.m */ = {isa = PBXFileReference; fileEncoding = 4; lastKnownFileType = sourcecode.c.objc; path = AJPlayerTableViewCell.m; sourceTree = "<group>"; };
		527363A816B969BF00751883 /* AJGame.h */ = {isa = PBXFileReference; fileEncoding = 4; lastKnownFileType = sourcecode.c.h; path = AJGame.h; sourceTree = "<group>"; };
		527363A916B969BF00751883 /* AJGame.m */ = {isa = PBXFileReference; fileEncoding = 4; lastKnownFileType = sourcecode.c.objc; path = AJGame.m; sourceTree = "<group>"; };
		527363AB16B970DD00751883 /* table_background-568h@2x.png */ = {isa = PBXFileReference; lastKnownFileType = image.png; path = "table_background-568h@2x.png"; sourceTree = "<group>"; };
		527363AD16B9719000751883 /* landscape_background-568h@2x.png */ = {isa = PBXFileReference; lastKnownFileType = image.png; path = "landscape_background-568h@2x.png"; sourceTree = "<group>"; };
		5275B83515FF7D66006E19FE /* AJPlayer+Additions.h */ = {isa = PBXFileReference; fileEncoding = 4; lastKnownFileType = sourcecode.c.h; path = "AJPlayer+Additions.h"; sourceTree = "<group>"; };
		5275B83615FF7D66006E19FE /* AJPlayer+Additions.m */ = {isa = PBXFileReference; fileEncoding = 4; lastKnownFileType = sourcecode.c.objc; path = "AJPlayer+Additions.m"; sourceTree = "<group>"; };
		5275B83815FF83FD006E19FE /* AJPlayersTableViewController.h */ = {isa = PBXFileReference; fileEncoding = 4; lastKnownFileType = sourcecode.c.h; path = AJPlayersTableViewController.h; sourceTree = "<group>"; };
		5275B83915FF83FD006E19FE /* AJPlayersTableViewController.m */ = {isa = PBXFileReference; fileEncoding = 4; lastKnownFileType = sourcecode.c.objc; path = AJPlayersTableViewController.m; sourceTree = "<group>"; };
		5284384A162441CE00B471B5 /* AJViewController.h */ = {isa = PBXFileReference; fileEncoding = 4; lastKnownFileType = sourcecode.c.h; path = AJViewController.h; sourceTree = "<group>"; };
		5284384B162441CE00B471B5 /* AJViewController.m */ = {isa = PBXFileReference; fileEncoding = 4; lastKnownFileType = sourcecode.c.objc; path = AJViewController.m; sourceTree = "<group>"; };
		528980E6168068DD00FC2F09 /* Crashlytics.framework */ = {isa = PBXFileReference; lastKnownFileType = wrapper.framework; path = Crashlytics.framework; sourceTree = "<group>"; };
		5292640F16FC7D4E006F5534 /* FacebookSDK.framework */ = {isa = PBXFileReference; lastKnownFileType = wrapper.framework; path = FacebookSDK.framework; sourceTree = "<group>"; };
		5292641116FC7D92006F5534 /* FacebookSDKResources.bundle */ = {isa = PBXFileReference; lastKnownFileType = "wrapper.plug-in"; path = FacebookSDKResources.bundle; sourceTree = "<group>"; };
		5292641316FC7DC9006F5534 /* Accounts.framework */ = {isa = PBXFileReference; lastKnownFileType = wrapper.framework; name = Accounts.framework; path = System/Library/Frameworks/Accounts.framework; sourceTree = SDKROOT; };
		5292641416FC7DC9006F5534 /* AdSupport.framework */ = {isa = PBXFileReference; lastKnownFileType = wrapper.framework; name = AdSupport.framework; path = System/Library/Frameworks/AdSupport.framework; sourceTree = SDKROOT; };
		5292641516FC7DC9006F5534 /* Social.framework */ = {isa = PBXFileReference; lastKnownFileType = wrapper.framework; name = Social.framework; path = System/Library/Frameworks/Social.framework; sourceTree = SDKROOT; };
		529E0E5E1601D0E300711F5B /* UIImage+Additions.h */ = {isa = PBXFileReference; fileEncoding = 4; lastKnownFileType = sourcecode.c.h; path = "UIImage+Additions.h"; sourceTree = "<group>"; };
		529E0E5F1601D0E300711F5B /* UIImage+Additions.m */ = {isa = PBXFileReference; fileEncoding = 4; lastKnownFileType = sourcecode.c.objc; path = "UIImage+Additions.m"; sourceTree = "<group>"; };
		529E0E671601F6DB00711F5B /* AJSettingsViewController.h */ = {isa = PBXFileReference; fileEncoding = 4; lastKnownFileType = sourcecode.c.h; path = AJSettingsViewController.h; sourceTree = "<group>"; };
		529E0E681601F6DB00711F5B /* AJSettingsViewController.m */ = {isa = PBXFileReference; fileEncoding = 4; lastKnownFileType = sourcecode.c.objc; path = AJSettingsViewController.m; sourceTree = "<group>"; };
		52A10851161F0C86006FCACD /* back-button.png */ = {isa = PBXFileReference; lastKnownFileType = image.png; path = "back-button.png"; sourceTree = "<group>"; };
		52A10852161F0C86006FCACD /* back-button@2x.png */ = {isa = PBXFileReference; lastKnownFileType = image.png; path = "back-button@2x.png"; sourceTree = "<group>"; };
		52A10853161F0C86006FCACD /* bar-button.png */ = {isa = PBXFileReference; lastKnownFileType = image.png; path = "bar-button.png"; sourceTree = "<group>"; };
		52A10854161F0C86006FCACD /* bar-button@2x.png */ = {isa = PBXFileReference; lastKnownFileType = image.png; path = "bar-button@2x.png"; sourceTree = "<group>"; };
		52A10855161F0C86006FCACD /* cards_icon.png */ = {isa = PBXFileReference; lastKnownFileType = image.png; path = cards_icon.png; sourceTree = "<group>"; };
		52A10856161F0C86006FCACD /* main_tile_default_pic.png */ = {isa = PBXFileReference; lastKnownFileType = image.png; path = main_tile_default_pic.png; sourceTree = "<group>"; };
		52A10857161F0C86006FCACD /* nav-bar.png */ = {isa = PBXFileReference; lastKnownFileType = image.png; path = "nav-bar.png"; sourceTree = "<group>"; };
		52A10858161F0C86006FCACD /* nav-bar@2x.png */ = {isa = PBXFileReference; lastKnownFileType = image.png; path = "nav-bar@2x.png"; sourceTree = "<group>"; };
		52A10861161F232F006FCACD /* UIBarButtonItem+Additions.h */ = {isa = PBXFileReference; lastKnownFileType = sourcecode.c.h; path = "UIBarButtonItem+Additions.h"; sourceTree = "<group>"; };
		52A10862161F232F006FCACD /* UIBarButtonItem+Additions.m */ = {isa = PBXFileReference; lastKnownFileType = sourcecode.c.objc; path = "UIBarButtonItem+Additions.m"; sourceTree = "<group>"; };
		52A10864161F2975006FCACD /* table_background.png */ = {isa = PBXFileReference; lastKnownFileType = image.png; path = table_background.png; sourceTree = "<group>"; };
		52A10865161F2975006FCACD /* table_background@2x.png */ = {isa = PBXFileReference; lastKnownFileType = image.png; path = "table_background@2x.png"; sourceTree = "<group>"; };
		52A59A231614249500AB4341 /* AJSettingsInfo.h */ = {isa = PBXFileReference; fileEncoding = 4; lastKnownFileType = sourcecode.c.h; path = AJSettingsInfo.h; sourceTree = "<group>"; };
		52A59A241614249500AB4341 /* AJSettingsInfo.m */ = {isa = PBXFileReference; fileEncoding = 4; lastKnownFileType = sourcecode.c.objc; path = AJSettingsInfo.m; sourceTree = "<group>"; };
		52A663E31624489000554254 /* AJScore.h */ = {isa = PBXFileReference; fileEncoding = 4; lastKnownFileType = sourcecode.c.h; path = AJScore.h; sourceTree = "<group>"; };
		52A663E41624489000554254 /* AJScore.m */ = {isa = PBXFileReference; fileEncoding = 4; lastKnownFileType = sourcecode.c.objc; path = AJScore.m; sourceTree = "<group>"; };
		52A663E91624533500554254 /* landscape_background.png */ = {isa = PBXFileReference; lastKnownFileType = image.png; path = landscape_background.png; sourceTree = "<group>"; };
		52A663EA1624533500554254 /* landscape_background@2x.png */ = {isa = PBXFileReference; lastKnownFileType = image.png; path = "landscape_background@2x.png"; sourceTree = "<group>"; };
		52A663EE1624561300554254 /* AJVerticalPlayerView.h */ = {isa = PBXFileReference; fileEncoding = 4; lastKnownFileType = sourcecode.c.h; path = AJVerticalPlayerView.h; sourceTree = "<group>"; };
		52A663EF1624561300554254 /* AJVerticalPlayerView.m */ = {isa = PBXFileReference; fileEncoding = 4; lastKnownFileType = sourcecode.c.objc; path = AJVerticalPlayerView.m; sourceTree = "<group>"; };
		52AF6B671622FAE40034F06A /* background.png */ = {isa = PBXFileReference; lastKnownFileType = image.png; path = background.png; sourceTree = "<group>"; };
		52AF6B681622FAE40034F06A /* background@2x.png */ = {isa = PBXFileReference; lastKnownFileType = image.png; path = "background@2x.png"; sourceTree = "<group>"; };
		52B38F1E16AEA37C00D6BD2F /* grabImage.png */ = {isa = PBXFileReference; lastKnownFileType = image.png; path = grabImage.png; sourceTree = "<group>"; };
		52B38F1F16AEA37C00D6BD2F /* grabImage@2x.png */ = {isa = PBXFileReference; lastKnownFileType = image.png; path = "grabImage@2x.png"; sourceTree = "<group>"; };
		52D6C29A16B175B1005A7069 /* AJBrownUnderlinedView.h */ = {isa = PBXFileReference; fileEncoding = 4; lastKnownFileType = sourcecode.c.h; path = AJBrownUnderlinedView.h; sourceTree = "<group>"; };
		52D6C29B16B175B1005A7069 /* AJBrownUnderlinedView.m */ = {isa = PBXFileReference; fileEncoding = 4; lastKnownFileType = sourcecode.c.objc; path = AJBrownUnderlinedView.m; sourceTree = "<group>"; };
		52D6F40416BBA57A007B8A6D /* AJExportHandler.h */ = {isa = PBXFileReference; fileEncoding = 4; lastKnownFileType = sourcecode.c.h; path = AJExportHandler.h; sourceTree = "<group>"; };
		52D6F40516BBA57A007B8A6D /* AJExportHandler.m */ = {isa = PBXFileReference; fileEncoding = 4; lastKnownFileType = sourcecode.c.objc; path = AJExportHandler.m; sourceTree = "<group>"; };
		52D6F40716BBA7BC007B8A6D /* QuartzCore.framework */ = {isa = PBXFileReference; lastKnownFileType = wrapper.framework; name = QuartzCore.framework; path = System/Library/Frameworks/QuartzCore.framework; sourceTree = SDKROOT; };
		52D6F40916BBC4D5007B8A6D /* AJExportScoresViewController.h */ = {isa = PBXFileReference; fileEncoding = 4; lastKnownFileType = sourcecode.c.h; path = AJExportScoresViewController.h; sourceTree = "<group>"; };
		52D6F40A16BBC4D5007B8A6D /* AJExportScoresViewController.m */ = {isa = PBXFileReference; fileEncoding = 4; lastKnownFileType = sourcecode.c.objc; path = AJExportScoresViewController.m; sourceTree = "<group>"; };
		52D6F40C16BBC6D8007B8A6D /* AJDefines.h */ = {isa = PBXFileReference; fileEncoding = 4; lastKnownFileType = sourcecode.c.h; path = AJDefines.h; sourceTree = "<group>"; };
		52D6F40D16BBC6D8007B8A6D /* AJDefines.m */ = {isa = PBXFileReference; fileEncoding = 4; lastKnownFileType = sourcecode.c.objc; path = AJDefines.m; sourceTree = "<group>"; };
		52E2465616B125A1006E61AC /* UIFont+Additions.h */ = {isa = PBXFileReference; fileEncoding = 4; lastKnownFileType = sourcecode.c.h; path = "UIFont+Additions.h"; sourceTree = "<group>"; };
		52E2465716B125A1006E61AC /* UIFont+Additions.m */ = {isa = PBXFileReference; fileEncoding = 4; lastKnownFileType = sourcecode.c.objc; path = "UIFont+Additions.m"; sourceTree = "<group>"; };
		52E2466B16B12D52006E61AC /* handwriting53-regular.ttf */ = {isa = PBXFileReference; lastKnownFileType = file; path = "handwriting53-regular.ttf"; sourceTree = "<group>"; };
		52E2468B16B158C6006E61AC /* rip.png */ = {isa = PBXFileReference; lastKnownFileType = image.png; path = rip.png; sourceTree = "<group>"; };
		52E2468C16B158C6006E61AC /* rip@2x.png */ = {isa = PBXFileReference; lastKnownFileType = image.png; path = "rip@2x.png"; sourceTree = "<group>"; };
		52E2469416B166A3006E61AC /* DK Crayon Crumble.ttf */ = {isa = PBXFileReference; lastKnownFileType = file; path = "DK Crayon Crumble.ttf"; sourceTree = "<group>"; };
		52E2469516B166A3006E61AC /* ld-brush-stroke.ttf */ = {isa = PBXFileReference; lastKnownFileType = file; path = "ld-brush-stroke.ttf"; sourceTree = "<group>"; };
		52E5228A163AA49900E99702 /* AJPlayerView.xib */ = {isa = PBXFileReference; fileEncoding = 4; lastKnownFileType = file.xib; path = AJPlayerView.xib; sourceTree = "<group>"; };
		52E6695D1626F0880035CAAC /* AJGameTableViewCell.h */ = {isa = PBXFileReference; fileEncoding = 4; lastKnownFileType = sourcecode.c.h; path = AJGameTableViewCell.h; sourceTree = "<group>"; };
		52E6695E1626F0880035CAAC /* AJGameTableViewCell.m */ = {isa = PBXFileReference; fileEncoding = 4; lastKnownFileType = sourcecode.c.objc; path = AJGameTableViewCell.m; sourceTree = "<group>"; };
		52E669641626FC7F0035CAAC /* separator.png */ = {isa = PBXFileReference; lastKnownFileType = image.png; path = separator.png; sourceTree = "<group>"; };
		52E669651626FC7F0035CAAC /* separator@2x.png */ = {isa = PBXFileReference; lastKnownFileType = image.png; path = "separator@2x.png"; sourceTree = "<group>"; };
		52EF57E9161DB01B004B069B /* AJTableViewController.h */ = {isa = PBXFileReference; fileEncoding = 4; lastKnownFileType = sourcecode.c.h; path = AJTableViewController.h; sourceTree = "<group>"; };
		52EF57EA161DB01B004B069B /* AJTableViewController.m */ = {isa = PBXFileReference; fileEncoding = 4; lastKnownFileType = sourcecode.c.objc; path = AJTableViewController.m; sourceTree = "<group>"; };
		52F34EC016831A8D00722DB7 /* pencil_black.png */ = {isa = PBXFileReference; lastKnownFileType = image.png; path = pencil_black.png; sourceTree = "<group>"; };
		52F34EC116831A8D00722DB7 /* pencil_black@2x.png */ = {isa = PBXFileReference; lastKnownFileType = image.png; path = "pencil_black@2x.png"; sourceTree = "<group>"; };
		52F34EC216831A8D00722DB7 /* pencil_blue.png */ = {isa = PBXFileReference; lastKnownFileType = image.png; path = pencil_blue.png; sourceTree = "<group>"; };
		52F34EC316831A8D00722DB7 /* pencil_blue@2x.png */ = {isa = PBXFileReference; lastKnownFileType = image.png; path = "pencil_blue@2x.png"; sourceTree = "<group>"; };
		52F34EC416831A8D00722DB7 /* pencil_brown.png */ = {isa = PBXFileReference; lastKnownFileType = image.png; path = pencil_brown.png; sourceTree = "<group>"; };
		52F34EC516831A8D00722DB7 /* pencil_brown@2x.png */ = {isa = PBXFileReference; lastKnownFileType = image.png; path = "pencil_brown@2x.png"; sourceTree = "<group>"; };
		52F34EC616831A8D00722DB7 /* pencil_green.png */ = {isa = PBXFileReference; lastKnownFileType = image.png; path = pencil_green.png; sourceTree = "<group>"; };
		52F34EC716831A8D00722DB7 /* pencil_green@2x.png */ = {isa = PBXFileReference; lastKnownFileType = image.png; path = "pencil_green@2x.png"; sourceTree = "<group>"; };
		52F34EC816831A8D00722DB7 /* pencil_orange.png */ = {isa = PBXFileReference; lastKnownFileType = image.png; path = pencil_orange.png; sourceTree = "<group>"; };
		52F34EC916831A8D00722DB7 /* pencil_orange@2x.png */ = {isa = PBXFileReference; lastKnownFileType = image.png; path = "pencil_orange@2x.png"; sourceTree = "<group>"; };
		52F34ECA16831A8D00722DB7 /* pencil_pink.png */ = {isa = PBXFileReference; lastKnownFileType = image.png; path = pencil_pink.png; sourceTree = "<group>"; };
		52F34ECB16831A8D00722DB7 /* pencil_pink@2x.png */ = {isa = PBXFileReference; lastKnownFileType = image.png; path = "pencil_pink@2x.png"; sourceTree = "<group>"; };
		52F34ECC16831A8D00722DB7 /* pencil_purple.png */ = {isa = PBXFileReference; lastKnownFileType = image.png; path = pencil_purple.png; sourceTree = "<group>"; };
		52F34ECD16831A8D00722DB7 /* pencil_purple@2x.png */ = {isa = PBXFileReference; lastKnownFileType = image.png; path = "pencil_purple@2x.png"; sourceTree = "<group>"; };
		52F34ECE16831A8D00722DB7 /* pencil_red.png */ = {isa = PBXFileReference; lastKnownFileType = image.png; path = pencil_red.png; sourceTree = "<group>"; };
		52F34ECF16831A8D00722DB7 /* pencil_red@2x.png */ = {isa = PBXFileReference; lastKnownFileType = image.png; path = "pencil_red@2x.png"; sourceTree = "<group>"; };
		52F34ED016831A8D00722DB7 /* pencil_white.png */ = {isa = PBXFileReference; lastKnownFileType = image.png; path = pencil_white.png; sourceTree = "<group>"; };
		52F34ED116831A8D00722DB7 /* pencil_white@2x.png */ = {isa = PBXFileReference; lastKnownFileType = image.png; path = "pencil_white@2x.png"; sourceTree = "<group>"; };
		52F34ED216831A8D00722DB7 /* pencil_yellow.png */ = {isa = PBXFileReference; lastKnownFileType = image.png; path = pencil_yellow.png; sourceTree = "<group>"; };
		52F34ED316831A8D00722DB7 /* pencil_yellow@2x.png */ = {isa = PBXFileReference; lastKnownFileType = image.png; path = "pencil_yellow@2x.png"; sourceTree = "<group>"; };
		52F34ED416831A8D00722DB7 /* square.png */ = {isa = PBXFileReference; lastKnownFileType = image.png; path = square.png; sourceTree = "<group>"; };
		52F34ED516831A8D00722DB7 /* square@2x.png */ = {isa = PBXFileReference; lastKnownFileType = image.png; path = "square@2x.png"; sourceTree = "<group>"; };
		52FCAFEF16BAB376008B3CA3 /* AJPlayer.h */ = {isa = PBXFileReference; fileEncoding = 4; lastKnownFileType = sourcecode.c.h; path = AJPlayer.h; sourceTree = "<group>"; };
		52FCAFF016BAB377008B3CA3 /* AJPlayer.m */ = {isa = PBXFileReference; fileEncoding = 4; lastKnownFileType = sourcecode.c.objc; path = AJPlayer.m; sourceTree = "<group>"; };
		52FD7A6D165BDA0500BCD571 /* AJUnderlinedView.h */ = {isa = PBXFileReference; fileEncoding = 4; lastKnownFileType = sourcecode.c.h; path = AJUnderlinedView.h; sourceTree = "<group>"; };
		52FD7A6E165BDA0500BCD571 /* AJUnderlinedView.m */ = {isa = PBXFileReference; fileEncoding = 4; lastKnownFileType = sourcecode.c.objc; path = AJUnderlinedView.m; sourceTree = "<group>"; };
		A90BDCAD16E2138A0040B1DA /* FacebookSDK.framework */ = {isa = PBXFileReference; lastKnownFileType = wrapper.framework; name = FacebookSDK.framework; path = ../../Documents/FacebookSDK/FacebookSDK.framework; sourceTree = "<group>"; };
		A90BDCAF16E214020040B1DA /* FacebookSDKResources.bundle */ = {isa = PBXFileReference; lastKnownFileType = "wrapper.plug-in"; name = FacebookSDKResources.bundle; path = ../../Documents/FacebookSDK/FacebookSDK.framework/Versions/A/Resources/FacebookSDKResources.bundle; sourceTree = "<group>"; };
		A90BDCB116E2144E0040B1DA /* Accounts.framework */ = {isa = PBXFileReference; lastKnownFileType = wrapper.framework; name = Accounts.framework; path = System/Library/Frameworks/Accounts.framework; sourceTree = SDKROOT; };
		A90BDCB216E2144E0040B1DA /* AdSupport.framework */ = {isa = PBXFileReference; lastKnownFileType = wrapper.framework; name = AdSupport.framework; path = System/Library/Frameworks/AdSupport.framework; sourceTree = SDKROOT; };
		A92B67F8165C21C100F85CC8 /* AJScoreTableViewCell.h */ = {isa = PBXFileReference; fileEncoding = 4; lastKnownFileType = sourcecode.c.h; path = AJScoreTableViewCell.h; sourceTree = "<group>"; };
		A92B67F9165C21C100F85CC8 /* AJScoreTableViewCell.m */ = {isa = PBXFileReference; fileEncoding = 4; lastKnownFileType = sourcecode.c.objc; path = AJScoreTableViewCell.m; sourceTree = "<group>"; };
		A97B35A51657902D0003A8BC /* AJPanDeleteTableViewCell.h */ = {isa = PBXFileReference; fileEncoding = 4; lastKnownFileType = sourcecode.c.h; path = AJPanDeleteTableViewCell.h; sourceTree = "<group>"; };
		A97B35A61657902D0003A8BC /* AJPanDeleteTableViewCell.m */ = {isa = PBXFileReference; fileEncoding = 4; lastKnownFileType = sourcecode.c.objc; path = AJPanDeleteTableViewCell.m; sourceTree = "<group>"; };
		A9E14A5C16AC0E7800A2C1C7 /* separator_new2.png */ = {isa = PBXFileReference; lastKnownFileType = image.png; path = separator_new2.png; sourceTree = "<group>"; };
		A9E14A5D16AC0E7800A2C1C7 /* separator_new2@2x.png */ = {isa = PBXFileReference; lastKnownFileType = image.png; path = "separator_new2@2x.png"; sourceTree = "<group>"; };
		A9E14A6016AC119D00A2C1C7 /* disclosure.png */ = {isa = PBXFileReference; lastKnownFileType = image.png; path = disclosure.png; sourceTree = "<group>"; };
		A9E14A6116AC119D00A2C1C7 /* disclosure@2x.png */ = {isa = PBXFileReference; lastKnownFileType = image.png; path = "disclosure@2x.png"; sourceTree = "<group>"; };
/* End PBXFileReference section */

/* Begin PBXFrameworksBuildPhase section */
		525CC22515FE2A1F00E8F903 /* Frameworks */ = {
			isa = PBXFrameworksBuildPhase;
			buildActionMask = 2147483647;
			files = (
<<<<<<< HEAD
				5292641616FC7DC9006F5534 /* Accounts.framework in Frameworks */,
				5292641716FC7DC9006F5534 /* AdSupport.framework in Frameworks */,
				5292641816FC7DC9006F5534 /* Social.framework in Frameworks */,
=======
				A90BDCB316E2144E0040B1DA /* Accounts.framework in Frameworks */,
				A90BDCB416E2144E0040B1DA /* AdSupport.framework in Frameworks */,
>>>>>>> unknown stuff
				523876AA16C52F2F008C9F8D /* MessageUI.framework in Frameworks */,
				52D6F40816BBA7BD007B8A6D /* QuartzCore.framework in Frameworks */,
				5253287F15FF15D000A28B84 /* CoreData.framework in Frameworks */,
				525CC22D15FE2A1F00E8F903 /* UIKit.framework in Frameworks */,
				525CC22F15FE2A1F00E8F903 /* Foundation.framework in Frameworks */,
				525CC23115FE2A1F00E8F903 /* CoreGraphics.framework in Frameworks */,
				528980E7168068DD00FC2F09 /* Crashlytics.framework in Frameworks */,
<<<<<<< HEAD
				5292641016FC7D4E006F5534 /* FacebookSDK.framework in Frameworks */,
=======
				A90BDCAE16E2138A0040B1DA /* FacebookSDK.framework in Frameworks */,
>>>>>>> unknown stuff
			);
			runOnlyForDeploymentPostprocessing = 0;
		};
/* End PBXFrameworksBuildPhase section */

/* Begin PBXGroup section */
		520FE04816B00ADB00CDD0B2 /* Fonts */ = {
			isa = PBXGroup;
			children = (
				52E2469416B166A3006E61AC /* DK Crayon Crumble.ttf */,
				52E2469516B166A3006E61AC /* ld-brush-stroke.ttf */,
				52E2466B16B12D52006E61AC /* handwriting53-regular.ttf */,
				520FE04B16B00AE800CDD0B2 /* handwriting53-bold.ttf */,
			);
			path = Fonts;
			sourceTree = "<group>";
		};
		5253285B15FF0F1600A28B84 /* Model */ = {
			isa = PBXGroup;
			children = (
				5253287415FF115D00A28B84 /* ScorePad.xcdatamodeld */,
				527363A816B969BF00751883 /* AJGame.h */,
				527363A916B969BF00751883 /* AJGame.m */,
				52FCAFEF16BAB376008B3CA3 /* AJPlayer.h */,
				52FCAFF016BAB377008B3CA3 /* AJPlayer.m */,
				52A663E31624489000554254 /* AJScore.h */,
				52A663E41624489000554254 /* AJScore.m */,
				525328A215FF213400A28B84 /* AJGame+Additions.h */,
				525328A315FF213400A28B84 /* AJGame+Additions.m */,
				5275B83515FF7D66006E19FE /* AJPlayer+Additions.h */,
				5275B83615FF7D66006E19FE /* AJPlayer+Additions.m */,
				521E13371600B76300022B1E /* AJScore+Additions.h */,
				521E13381600B76300022B1E /* AJScore+Additions.m */,
			);
			name = Model;
			sourceTree = "<group>";
		};
		5253287A15FF126700A28B84 /* Utils */ = {
			isa = PBXGroup;
			children = (
				52A59A231614249500AB4341 /* AJSettingsInfo.h */,
				52A59A241614249500AB4341 /* AJSettingsInfo.m */,
				5253287B15FF128600A28B84 /* AJScoresManager.h */,
				5253287C15FF128600A28B84 /* AJScoresManager.m */,
				52D6F40416BBA57A007B8A6D /* AJExportHandler.h */,
				52D6F40516BBA57A007B8A6D /* AJExportHandler.m */,
				52D6F40C16BBC6D8007B8A6D /* AJDefines.h */,
				52D6F40D16BBC6D8007B8A6D /* AJDefines.m */,
			);
			name = Utils;
			sourceTree = "<group>";
		};
		525328BD15FF587C00A28B84 /* Categories */ = {
			isa = PBXGroup;
			children = (
				52E2465616B125A1006E61AC /* UIFont+Additions.h */,
				52E2465716B125A1006E61AC /* UIFont+Additions.m */,
				525328BF15FF589700A28B84 /* NSString+Additions.h */,
				525328C015FF589700A28B84 /* NSString+Additions.m */,
				525328C115FF589700A28B84 /* UIColor+Additions.h */,
				525328C215FF589700A28B84 /* UIColor+Additions.m */,
				529E0E5E1601D0E300711F5B /* UIImage+Additions.h */,
				529E0E5F1601D0E300711F5B /* UIImage+Additions.m */,
				52A10861161F232F006FCACD /* UIBarButtonItem+Additions.h */,
				52A10862161F232F006FCACD /* UIBarButtonItem+Additions.m */,
				525E008D1678DD8D00D0D944 /* AJAlertView.h */,
				525E008E1678DD8D00D0D944 /* AJAlertView.m */,
			);
			name = Categories;
			sourceTree = "<group>";
		};
		525CC21D15FE2A1F00E8F903 = {
			isa = PBXGroup;
			children = (
				A90BDCB116E2144E0040B1DA /* Accounts.framework */,
				A90BDCB216E2144E0040B1DA /* AdSupport.framework */,
				525CC23215FE2A1F00E8F903 /* ScorePad */,
				525CC22B15FE2A1F00E8F903 /* Frameworks */,
				525CC22915FE2A1F00E8F903 /* Products */,
			);
			sourceTree = "<group>";
		};
		525CC22915FE2A1F00E8F903 /* Products */ = {
			isa = PBXGroup;
			children = (
				525CC22815FE2A1F00E8F903 /* ScorePad.app */,
			);
			name = Products;
			sourceTree = "<group>";
		};
		525CC22B15FE2A1F00E8F903 /* Frameworks */ = {
			isa = PBXGroup;
			children = (
<<<<<<< HEAD
				5292641316FC7DC9006F5534 /* Accounts.framework */,
				5292641416FC7DC9006F5534 /* AdSupport.framework */,
				5292641516FC7DC9006F5534 /* Social.framework */,
				5292641116FC7D92006F5534 /* FacebookSDKResources.bundle */,
				5292640F16FC7D4E006F5534 /* FacebookSDK.framework */,
=======
				A90BDCAF16E214020040B1DA /* FacebookSDKResources.bundle */,
				A90BDCAD16E2138A0040B1DA /* FacebookSDK.framework */,
>>>>>>> unknown stuff
				523876A916C52F2F008C9F8D /* MessageUI.framework */,
				52D6F40716BBA7BC007B8A6D /* QuartzCore.framework */,
				528980E6168068DD00FC2F09 /* Crashlytics.framework */,
				5253287E15FF15D000A28B84 /* CoreData.framework */,
				525CC22C15FE2A1F00E8F903 /* UIKit.framework */,
				525CC22E15FE2A1F00E8F903 /* Foundation.framework */,
				525CC23015FE2A1F00E8F903 /* CoreGraphics.framework */,
			);
			name = Frameworks;
			sourceTree = "<group>";
		};
		525CC23215FE2A1F00E8F903 /* ScorePad */ = {
			isa = PBXGroup;
			children = (
				52A663ED162455FA00554254 /* Widgets */,
				525328BD15FF587C00A28B84 /* Categories */,
				5253285B15FF0F1600A28B84 /* Model */,
				525CC24615FE2C8900E8F903 /* Controllers */,
				5253287A15FF126700A28B84 /* Utils */,
				525CC23B15FE2A1F00E8F903 /* AJAppDelegate.h */,
				525CC23C15FE2A1F00E8F903 /* AJAppDelegate.m */,
				525CC23315FE2A1F00E8F903 /* Supporting Files */,
			);
			path = ScorePad;
			sourceTree = "<group>";
		};
		525CC23315FE2A1F00E8F903 /* Supporting Files */ = {
			isa = PBXGroup;
			children = (
				520FE04816B00ADB00CDD0B2 /* Fonts */,
				52A10850161F0C86006FCACD /* Images */,
				525CC23415FE2A1F00E8F903 /* ScorePad-Info.plist */,
				525CC23515FE2A1F00E8F903 /* InfoPlist.strings */,
				525CC23815FE2A1F00E8F903 /* main.m */,
				525CC23A15FE2A1F00E8F903 /* ScorePad-Prefix.pch */,
			);
			name = "Supporting Files";
			sourceTree = "<group>";
		};
		525CC24615FE2C8900E8F903 /* Controllers */ = {
			isa = PBXGroup;
			children = (
				5284384A162441CE00B471B5 /* AJViewController.h */,
				5284384B162441CE00B471B5 /* AJViewController.m */,
				52EF57E9161DB01B004B069B /* AJTableViewController.h */,
				52EF57EA161DB01B004B069B /* AJTableViewController.m */,
				525CC24315FE2C8200E8F903 /* AJGamesTableViewController.h */,
				525CC24415FE2C8200E8F903 /* AJGamesTableViewController.m */,
				5275B83815FF83FD006E19FE /* AJPlayersTableViewController.h */,
				5275B83915FF83FD006E19FE /* AJPlayersTableViewController.m */,
				521E133A1600C2AF00022B1E /* AJScoresTableViewController.h */,
				521E133B1600C2AF00022B1E /* AJScoresTableViewController.m */,
				529E0E671601F6DB00711F5B /* AJSettingsViewController.h */,
				529E0E681601F6DB00711F5B /* AJSettingsViewController.m */,
				52D6F40916BBC4D5007B8A6D /* AJExportScoresViewController.h */,
				52D6F40A16BBC4D5007B8A6D /* AJExportScoresViewController.m */,
			);
			name = Controllers;
			sourceTree = "<group>";
		};
		52A10850161F0C86006FCACD /* Images */ = {
			isa = PBXGroup;
			children = (
				52E2468B16B158C6006E61AC /* rip.png */,
				52E2468C16B158C6006E61AC /* rip@2x.png */,
				52B38F1E16AEA37C00D6BD2F /* grabImage.png */,
				52B38F1F16AEA37C00D6BD2F /* grabImage@2x.png */,
				A9E14A6016AC119D00A2C1C7 /* disclosure.png */,
				A9E14A6116AC119D00A2C1C7 /* disclosure@2x.png */,
				A9E14A5C16AC0E7800A2C1C7 /* separator_new2.png */,
				A9E14A5D16AC0E7800A2C1C7 /* separator_new2@2x.png */,
				5247B3C21680BF0700CF05F5 /* Default-Landscape~ipad.png */,
				52F34EC016831A8D00722DB7 /* pencil_black.png */,
				52F34EC116831A8D00722DB7 /* pencil_black@2x.png */,
				52F34EC216831A8D00722DB7 /* pencil_blue.png */,
				52F34EC316831A8D00722DB7 /* pencil_blue@2x.png */,
				52F34EC416831A8D00722DB7 /* pencil_brown.png */,
				52F34EC516831A8D00722DB7 /* pencil_brown@2x.png */,
				52F34EC616831A8D00722DB7 /* pencil_green.png */,
				52F34EC716831A8D00722DB7 /* pencil_green@2x.png */,
				52F34EC816831A8D00722DB7 /* pencil_orange.png */,
				52F34EC916831A8D00722DB7 /* pencil_orange@2x.png */,
				52F34ECA16831A8D00722DB7 /* pencil_pink.png */,
				52F34ECB16831A8D00722DB7 /* pencil_pink@2x.png */,
				52F34ECC16831A8D00722DB7 /* pencil_purple.png */,
				52F34ECD16831A8D00722DB7 /* pencil_purple@2x.png */,
				52F34ECE16831A8D00722DB7 /* pencil_red.png */,
				52F34ECF16831A8D00722DB7 /* pencil_red@2x.png */,
				52F34ED016831A8D00722DB7 /* pencil_white.png */,
				52F34ED116831A8D00722DB7 /* pencil_white@2x.png */,
				52F34ED216831A8D00722DB7 /* pencil_yellow.png */,
				52F34ED316831A8D00722DB7 /* pencil_yellow@2x.png */,
				52F34ED416831A8D00722DB7 /* square.png */,
				52F34ED516831A8D00722DB7 /* square@2x.png */,
				5247B3C01680BEFD00CF05F5 /* Default-Portrait~ipad.png */,
				5247B3BE1680BEB700CF05F5 /* Default-Landscape@2x~ipad.png */,
				5247B3BC1680BEAC00CF05F5 /* Default-Portrait@2x~ipad.png */,
				5247B3BA1680BC5300CF05F5 /* icon_iPad@2x.png */,
				5247B3B81680BC4E00CF05F5 /* icon_iPad.png */,
				5247B3B61680BC4600CF05F5 /* icon@2x.png */,
				5247B3B41680BC4100CF05F5 /* icon.png */,
				5247B3B21680B83200CF05F5 /* Default-568h@2x.png */,
				5247B3B01680B82800CF05F5 /* Default@2x.png */,
				5247B3AE1680B82100CF05F5 /* Default.png */,
				52473BB4162BEDA1008455F3 /* round.png */,
				52473BB5162BEDA1008455F3 /* round@2x.png */,
				52634D7816281C8600B46693 /* mask.png */,
				52634D7916281C8600B46693 /* mask@2x.png */,
				52E669641626FC7F0035CAAC /* separator.png */,
				52E669651626FC7F0035CAAC /* separator@2x.png */,
				52A663E91624533500554254 /* landscape_background.png */,
				52A663EA1624533500554254 /* landscape_background@2x.png */,
				527363AD16B9719000751883 /* landscape_background-568h@2x.png */,
				52AF6B671622FAE40034F06A /* background.png */,
				52AF6B681622FAE40034F06A /* background@2x.png */,
				52A10851161F0C86006FCACD /* back-button.png */,
				52A10852161F0C86006FCACD /* back-button@2x.png */,
				52A10853161F0C86006FCACD /* bar-button.png */,
				52A10854161F0C86006FCACD /* bar-button@2x.png */,
				52A10855161F0C86006FCACD /* cards_icon.png */,
				52A10856161F0C86006FCACD /* main_tile_default_pic.png */,
				52A10857161F0C86006FCACD /* nav-bar.png */,
				52A10858161F0C86006FCACD /* nav-bar@2x.png */,
				52A10864161F2975006FCACD /* table_background.png */,
				527363AB16B970DD00751883 /* table_background-568h@2x.png */,
				52A10865161F2975006FCACD /* table_background@2x.png */,
			);
			path = Images;
			sourceTree = "<group>";
		};
		52A663ED162455FA00554254 /* Widgets */ = {
			isa = PBXGroup;
			children = (
				52E6695B1626F0580035CAAC /* TableViewCells */,
				52D6C29A16B175B1005A7069 /* AJBrownUnderlinedView.h */,
				52D6C29B16B175B1005A7069 /* AJBrownUnderlinedView.m */,
				52FD7A6D165BDA0500BCD571 /* AJUnderlinedView.h */,
				52FD7A6E165BDA0500BCD571 /* AJUnderlinedView.m */,
				52A663EE1624561300554254 /* AJVerticalPlayerView.h */,
				52A663EF1624561300554254 /* AJVerticalPlayerView.m */,
				521BC2D116255A5A000C2EE0 /* AJScrollView.h */,
				521BC2D216255A5A000C2EE0 /* AJScrollView.m */,
			);
			name = Widgets;
			sourceTree = "<group>";
		};
		52E6695B1626F0580035CAAC /* TableViewCells */ = {
			isa = PBXGroup;
			children = (
				52634D7C1628292200B46693 /* AJNewItemTableViewCell.h */,
				52634D7D1628292200B46693 /* AJNewItemTableViewCell.m */,
				52E6695D1626F0880035CAAC /* AJGameTableViewCell.h */,
				52E6695E1626F0880035CAAC /* AJGameTableViewCell.m */,
				52634D7F162831D200B46693 /* AJPlayerTableViewCell.h */,
				52634D80162831D300B46693 /* AJPlayerTableViewCell.m */,
				A92B67F8165C21C100F85CC8 /* AJScoreTableViewCell.h */,
				A92B67F9165C21C100F85CC8 /* AJScoreTableViewCell.m */,
				52E5228A163AA49900E99702 /* AJPlayerView.xib */,
				A97B35A51657902D0003A8BC /* AJPanDeleteTableViewCell.h */,
				A97B35A61657902D0003A8BC /* AJPanDeleteTableViewCell.m */,
			);
			name = TableViewCells;
			sourceTree = "<group>";
		};
/* End PBXGroup section */

/* Begin PBXNativeTarget section */
		525CC22715FE2A1F00E8F903 /* ScorePad */ = {
			isa = PBXNativeTarget;
			buildConfigurationList = 525CC24015FE2A1F00E8F903 /* Build configuration list for PBXNativeTarget "ScorePad" */;
			buildPhases = (
				525CC22415FE2A1F00E8F903 /* Sources */,
				525CC22515FE2A1F00E8F903 /* Frameworks */,
				525CC22615FE2A1F00E8F903 /* Resources */,
				528980E41680689900FC2F09 /* ShellScript */,
			);
			buildRules = (
			);
			dependencies = (
			);
			name = ScorePad;
			productName = ScorePad;
			productReference = 525CC22815FE2A1F00E8F903 /* ScorePad.app */;
			productType = "com.apple.product-type.application";
		};
/* End PBXNativeTarget section */

/* Begin PBXProject section */
		525CC21F15FE2A1F00E8F903 /* Project object */ = {
			isa = PBXProject;
			attributes = {
				CLASSPREFIX = AJ;
				LastUpgradeCheck = 0460;
				ORGANIZATIONNAME = "Anca Julean";
			};
			buildConfigurationList = 525CC22215FE2A1F00E8F903 /* Build configuration list for PBXProject "ScorePad" */;
			compatibilityVersion = "Xcode 3.2";
			developmentRegion = English;
			hasScannedForEncodings = 0;
			knownRegions = (
				en,
			);
			mainGroup = 525CC21D15FE2A1F00E8F903;
			productRefGroup = 525CC22915FE2A1F00E8F903 /* Products */;
			projectDirPath = "";
			projectRoot = "";
			targets = (
				525CC22715FE2A1F00E8F903 /* ScorePad */,
			);
		};
/* End PBXProject section */

/* Begin PBXResourcesBuildPhase section */
		525CC22615FE2A1F00E8F903 /* Resources */ = {
			isa = PBXResourcesBuildPhase;
			buildActionMask = 2147483647;
			files = (
				525CC23715FE2A1F00E8F903 /* InfoPlist.strings in Resources */,
				52A10859161F0C86006FCACD /* back-button.png in Resources */,
				52A1085A161F0C86006FCACD /* back-button@2x.png in Resources */,
				52A1085B161F0C86006FCACD /* bar-button.png in Resources */,
				52A1085C161F0C86006FCACD /* bar-button@2x.png in Resources */,
				52A1085D161F0C86006FCACD /* cards_icon.png in Resources */,
				52A1085E161F0C86006FCACD /* main_tile_default_pic.png in Resources */,
				52A1085F161F0C86006FCACD /* nav-bar.png in Resources */,
				52A10860161F0C86006FCACD /* nav-bar@2x.png in Resources */,
				52A10866161F2976006FCACD /* table_background.png in Resources */,
				52A10867161F2976006FCACD /* table_background@2x.png in Resources */,
				52AF6B691622FAE40034F06A /* background.png in Resources */,
				52AF6B6A1622FAE40034F06A /* background@2x.png in Resources */,
				52A663EB1624533500554254 /* landscape_background.png in Resources */,
				52A663EC1624533500554254 /* landscape_background@2x.png in Resources */,
				52E669661626FC7F0035CAAC /* separator.png in Resources */,
				52E669671626FC7F0035CAAC /* separator@2x.png in Resources */,
				52634D7A16281C8600B46693 /* mask.png in Resources */,
				52634D7B16281C8600B46693 /* mask@2x.png in Resources */,
				52473BB6162BEDA1008455F3 /* round.png in Resources */,
				52473BB7162BEDA1008455F3 /* round@2x.png in Resources */,
				52E5228B163AA49900E99702 /* AJPlayerView.xib in Resources */,
				5247B3AF1680B82100CF05F5 /* Default.png in Resources */,
				5247B3B11680B82800CF05F5 /* Default@2x.png in Resources */,
				5247B3B31680B83200CF05F5 /* Default-568h@2x.png in Resources */,
				5247B3B51680BC4100CF05F5 /* icon.png in Resources */,
				5247B3B71680BC4600CF05F5 /* icon@2x.png in Resources */,
				5247B3B91680BC4E00CF05F5 /* icon_iPad.png in Resources */,
				5247B3BB1680BC5300CF05F5 /* icon_iPad@2x.png in Resources */,
				5247B3BD1680BEAC00CF05F5 /* Default-Portrait@2x~ipad.png in Resources */,
				5247B3BF1680BEB700CF05F5 /* Default-Landscape@2x~ipad.png in Resources */,
				5247B3C11680BEFD00CF05F5 /* Default-Portrait~ipad.png in Resources */,
				5247B3C31680BF0700CF05F5 /* Default-Landscape~ipad.png in Resources */,
				52F34ED616831A8D00722DB7 /* pencil_black.png in Resources */,
				52F34ED716831A8D00722DB7 /* pencil_black@2x.png in Resources */,
				52F34ED816831A8D00722DB7 /* pencil_blue.png in Resources */,
				52F34ED916831A8D00722DB7 /* pencil_blue@2x.png in Resources */,
				52F34EDA16831A8D00722DB7 /* pencil_brown.png in Resources */,
				52F34EDB16831A8D00722DB7 /* pencil_brown@2x.png in Resources */,
				52F34EDC16831A8D00722DB7 /* pencil_green.png in Resources */,
				52F34EDD16831A8D00722DB7 /* pencil_green@2x.png in Resources */,
				52F34EDE16831A8D00722DB7 /* pencil_orange.png in Resources */,
				52F34EDF16831A8D00722DB7 /* pencil_orange@2x.png in Resources */,
				52F34EE016831A8D00722DB7 /* pencil_pink.png in Resources */,
				52F34EE116831A8D00722DB7 /* pencil_pink@2x.png in Resources */,
				52F34EE216831A8D00722DB7 /* pencil_purple.png in Resources */,
				52F34EE316831A8D00722DB7 /* pencil_purple@2x.png in Resources */,
				52F34EE416831A8D00722DB7 /* pencil_red.png in Resources */,
				52F34EE516831A8D00722DB7 /* pencil_red@2x.png in Resources */,
				52F34EE616831A8D00722DB7 /* pencil_white.png in Resources */,
				52F34EE716831A8D00722DB7 /* pencil_white@2x.png in Resources */,
				52F34EE816831A8D00722DB7 /* pencil_yellow.png in Resources */,
				52F34EE916831A8D00722DB7 /* pencil_yellow@2x.png in Resources */,
				52F34EEA16831A8D00722DB7 /* square.png in Resources */,
				52F34EEB16831A8D00722DB7 /* square@2x.png in Resources */,
				A9E14A5E16AC0E7800A2C1C7 /* separator_new2.png in Resources */,
				A9E14A5F16AC0E7800A2C1C7 /* separator_new2@2x.png in Resources */,
				A9E14A6216AC119D00A2C1C7 /* disclosure.png in Resources */,
				A9E14A6316AC119D00A2C1C7 /* disclosure@2x.png in Resources */,
				52B38F2016AEA37C00D6BD2F /* grabImage.png in Resources */,
				52B38F2116AEA37C00D6BD2F /* grabImage@2x.png in Resources */,
				520FE04D16B00AE800CDD0B2 /* handwriting53-bold.ttf in Resources */,
				52E2466C16B12D52006E61AC /* handwriting53-regular.ttf in Resources */,
				52E2468D16B158C6006E61AC /* rip.png in Resources */,
				52E2468E16B158C6006E61AC /* rip@2x.png in Resources */,
				52E2469616B166A3006E61AC /* DK Crayon Crumble.ttf in Resources */,
				52E2469716B166A3006E61AC /* ld-brush-stroke.ttf in Resources */,
				527363AC16B970DD00751883 /* table_background-568h@2x.png in Resources */,
				527363AE16B9719100751883 /* landscape_background-568h@2x.png in Resources */,
<<<<<<< HEAD
				5292641216FC7D92006F5534 /* FacebookSDKResources.bundle in Resources */,
=======
				A90BDCB016E214020040B1DA /* FacebookSDKResources.bundle in Resources */,
>>>>>>> unknown stuff
			);
			runOnlyForDeploymentPostprocessing = 0;
		};
/* End PBXResourcesBuildPhase section */

/* Begin PBXShellScriptBuildPhase section */
		528980E41680689900FC2F09 /* ShellScript */ = {
			isa = PBXShellScriptBuildPhase;
			buildActionMask = 2147483647;
			files = (
			);
			inputPaths = (
			);
			outputPaths = (
			);
			runOnlyForDeploymentPostprocessing = 0;
			shellPath = /bin/sh;
			shellScript = "./Crashlytics.framework/run 04be4a58b6b1895ef790a290305cc60b987111a3";
		};
/* End PBXShellScriptBuildPhase section */

/* Begin PBXSourcesBuildPhase section */
		525CC22415FE2A1F00E8F903 /* Sources */ = {
			isa = PBXSourcesBuildPhase;
			buildActionMask = 2147483647;
			files = (
				525CC23915FE2A1F00E8F903 /* main.m in Sources */,
				525CC23D15FE2A1F00E8F903 /* AJAppDelegate.m in Sources */,
				525CC24515FE2C8200E8F903 /* AJGamesTableViewController.m in Sources */,
				5253287615FF115D00A28B84 /* ScorePad.xcdatamodeld in Sources */,
				5253287D15FF128600A28B84 /* AJScoresManager.m in Sources */,
				525328A415FF213400A28B84 /* AJGame+Additions.m in Sources */,
				525328C315FF589700A28B84 /* NSString+Additions.m in Sources */,
				525328C415FF589700A28B84 /* UIColor+Additions.m in Sources */,
				5275B83715FF7D66006E19FE /* AJPlayer+Additions.m in Sources */,
				5275B83A15FF83FD006E19FE /* AJPlayersTableViewController.m in Sources */,
				521E13391600B76300022B1E /* AJScore+Additions.m in Sources */,
				521E133C1600C2AF00022B1E /* AJScoresTableViewController.m in Sources */,
				529E0E601601D0E300711F5B /* UIImage+Additions.m in Sources */,
				529E0E691601F6DB00711F5B /* AJSettingsViewController.m in Sources */,
				52A59A251614249500AB4341 /* AJSettingsInfo.m in Sources */,
				52EF57EB161DB01B004B069B /* AJTableViewController.m in Sources */,
				52A10863161F25B4006FCACD /* UIBarButtonItem+Additions.m in Sources */,
				5284384C162441CE00B471B5 /* AJViewController.m in Sources */,
				52A663E51624489000554254 /* AJScore.m in Sources */,
				52A663F01624561300554254 /* AJVerticalPlayerView.m in Sources */,
				521BC2D316255A5A000C2EE0 /* AJScrollView.m in Sources */,
				52E6695F1626F0880035CAAC /* AJGameTableViewCell.m in Sources */,
				52634D7E1628292200B46693 /* AJNewItemTableViewCell.m in Sources */,
				52634D81162831D300B46693 /* AJPlayerTableViewCell.m in Sources */,
				A97B35A71657902D0003A8BC /* AJPanDeleteTableViewCell.m in Sources */,
				52FD7A6F165BDA0500BCD571 /* AJUnderlinedView.m in Sources */,
				A92B67FA165C21C100F85CC8 /* AJScoreTableViewCell.m in Sources */,
				525E008F1678DD8D00D0D944 /* AJAlertView.m in Sources */,
				52E2465816B125A1006E61AC /* UIFont+Additions.m in Sources */,
				52D6C29C16B175B1005A7069 /* AJBrownUnderlinedView.m in Sources */,
				527363AA16B969BF00751883 /* AJGame.m in Sources */,
				52FCAFF116BAB377008B3CA3 /* AJPlayer.m in Sources */,
				52D6F40616BBA57A007B8A6D /* AJExportHandler.m in Sources */,
				52D6F40B16BBC4D5007B8A6D /* AJExportScoresViewController.m in Sources */,
				52D6F40E16BBC6D8007B8A6D /* AJDefines.m in Sources */,
			);
			runOnlyForDeploymentPostprocessing = 0;
		};
/* End PBXSourcesBuildPhase section */

/* Begin PBXVariantGroup section */
		525CC23515FE2A1F00E8F903 /* InfoPlist.strings */ = {
			isa = PBXVariantGroup;
			children = (
				525CC23615FE2A1F00E8F903 /* en */,
			);
			name = InfoPlist.strings;
			sourceTree = "<group>";
		};
/* End PBXVariantGroup section */

/* Begin XCBuildConfiguration section */
		525CC23E15FE2A1F00E8F903 /* Debug */ = {
			isa = XCBuildConfiguration;
			buildSettings = {
				ALWAYS_SEARCH_USER_PATHS = NO;
				ARCHS = "$(ARCHS_STANDARD_32_BIT)";
				CLANG_CXX_LANGUAGE_STANDARD = "gnu++0x";
				CLANG_WARN_CONSTANT_CONVERSION = YES;
				CLANG_WARN_ENUM_CONVERSION = YES;
				CLANG_WARN_INT_CONVERSION = YES;
				CLANG_WARN__DUPLICATE_METHOD_MATCH = YES;
				"CODE_SIGN_IDENTITY[sdk=iphoneos*]" = "iPhone Developer";
				COPY_PHASE_STRIP = NO;
				GCC_C_LANGUAGE_STANDARD = gnu99;
				GCC_DYNAMIC_NO_PIC = NO;
				GCC_OPTIMIZATION_LEVEL = 0;
				GCC_PREPROCESSOR_DEFINITIONS = (
					"DEBUG=1",
					"$(inherited)",
				);
				GCC_SYMBOLS_PRIVATE_EXTERN = NO;
				GCC_VERSION = com.apple.compilers.llvm.clang.1_0;
				GCC_WARN_ABOUT_RETURN_TYPE = YES;
				GCC_WARN_UNINITIALIZED_AUTOS = YES;
				GCC_WARN_UNUSED_VARIABLE = YES;
				IPHONEOS_DEPLOYMENT_TARGET = 5.0;
				SDKROOT = iphoneos;
				TARGETED_DEVICE_FAMILY = "1,2";
			};
			name = Debug;
		};
		525CC23F15FE2A1F00E8F903 /* Release */ = {
			isa = XCBuildConfiguration;
			buildSettings = {
				ALWAYS_SEARCH_USER_PATHS = NO;
				ARCHS = "$(ARCHS_STANDARD_32_BIT)";
				CLANG_CXX_LANGUAGE_STANDARD = "gnu++0x";
				CLANG_WARN_CONSTANT_CONVERSION = YES;
				CLANG_WARN_ENUM_CONVERSION = YES;
				CLANG_WARN_INT_CONVERSION = YES;
				CLANG_WARN__DUPLICATE_METHOD_MATCH = YES;
				"CODE_SIGN_IDENTITY[sdk=iphoneos*]" = "iPhone Developer";
				COPY_PHASE_STRIP = YES;
				GCC_C_LANGUAGE_STANDARD = gnu99;
				GCC_VERSION = com.apple.compilers.llvm.clang.1_0;
				GCC_WARN_ABOUT_RETURN_TYPE = YES;
				GCC_WARN_UNINITIALIZED_AUTOS = YES;
				GCC_WARN_UNUSED_VARIABLE = YES;
				IPHONEOS_DEPLOYMENT_TARGET = 5.0;
				OTHER_CFLAGS = "-DNS_BLOCK_ASSERTIONS=1";
				SDKROOT = iphoneos;
				TARGETED_DEVICE_FAMILY = "1,2";
				VALIDATE_PRODUCT = YES;
			};
			name = Release;
		};
		525CC24115FE2A1F00E8F903 /* Debug */ = {
			isa = XCBuildConfiguration;
			buildSettings = {
				CLANG_ENABLE_OBJC_ARC = YES;
				FRAMEWORK_SEARCH_PATHS = (
					"$(inherited)",
					"\"$(SRCROOT)\"",
					"\"$(SRCROOT)/../../Documents/FacebookSDK\"",
				);
				GCC_PRECOMPILE_PREFIX_HEADER = YES;
				GCC_PREFIX_HEADER = "ScorePad/ScorePad-Prefix.pch";
				INFOPLIST_FILE = "ScorePad/ScorePad-Info.plist";
				IPHONEOS_DEPLOYMENT_TARGET = 5.0;
				OTHER_LDFLAGS = (
					"-ObjC",
					"-lsqlite3.0",
				);
				PRODUCT_NAME = "$(TARGET_NAME)";
				WRAPPER_EXTENSION = app;
			};
			name = Debug;
		};
		525CC24215FE2A1F00E8F903 /* Release */ = {
			isa = XCBuildConfiguration;
			buildSettings = {
				CLANG_ENABLE_OBJC_ARC = YES;
				FRAMEWORK_SEARCH_PATHS = (
					"$(inherited)",
					"\"$(SRCROOT)\"",
					"\"$(SRCROOT)/../../Documents/FacebookSDK\"",
				);
				GCC_PRECOMPILE_PREFIX_HEADER = YES;
				GCC_PREFIX_HEADER = "ScorePad/ScorePad-Prefix.pch";
				INFOPLIST_FILE = "ScorePad/ScorePad-Info.plist";
				IPHONEOS_DEPLOYMENT_TARGET = 5.0;
				OTHER_LDFLAGS = (
					"-ObjC",
					"-lsqlite3.0",
				);
				PRODUCT_NAME = "$(TARGET_NAME)";
				WRAPPER_EXTENSION = app;
			};
			name = Release;
		};
/* End XCBuildConfiguration section */

/* Begin XCConfigurationList section */
		525CC22215FE2A1F00E8F903 /* Build configuration list for PBXProject "ScorePad" */ = {
			isa = XCConfigurationList;
			buildConfigurations = (
				525CC23E15FE2A1F00E8F903 /* Debug */,
				525CC23F15FE2A1F00E8F903 /* Release */,
			);
			defaultConfigurationIsVisible = 0;
			defaultConfigurationName = Release;
		};
		525CC24015FE2A1F00E8F903 /* Build configuration list for PBXNativeTarget "ScorePad" */ = {
			isa = XCConfigurationList;
			buildConfigurations = (
				525CC24115FE2A1F00E8F903 /* Debug */,
				525CC24215FE2A1F00E8F903 /* Release */,
			);
			defaultConfigurationIsVisible = 0;
			defaultConfigurationName = Release;
		};
/* End XCConfigurationList section */

/* Begin XCVersionGroup section */
		5253287415FF115D00A28B84 /* ScorePad.xcdatamodeld */ = {
			isa = XCVersionGroup;
			children = (
				5253287515FF115D00A28B84 /* ScorePad.xcdatamodel */,
			);
			currentVersion = 5253287515FF115D00A28B84 /* ScorePad.xcdatamodel */;
			path = ScorePad.xcdatamodeld;
			sourceTree = "<group>";
			versionGroupType = wrapper.xcdatamodel;
		};
/* End XCVersionGroup section */
	};
	rootObject = 525CC21F15FE2A1F00E8F903 /* Project object */;
}
